// !$*UTF8*$!
{
	archiveVersion = 1;
	classes = {
	};
	objectVersion = 56;
	objects = {

/* Begin PBXBuildFile section */
		09432AFB29143CD0007AAACB /* AppDelegate.swift in Sources */ = {isa = PBXBuildFile; fileRef = 09432AFA29143CD0007AAACB /* AppDelegate.swift */; };
		09432AFD29143CD0007AAACB /* SceneDelegate.swift in Sources */ = {isa = PBXBuildFile; fileRef = 09432AFC29143CD0007AAACB /* SceneDelegate.swift */; };
		09432AFF29143CD0007AAACB /* ViewController.swift in Sources */ = {isa = PBXBuildFile; fileRef = 09432AFE29143CD0007AAACB /* ViewController.swift */; };
		09432B0229143CD0007AAACB /* Main.storyboard in Resources */ = {isa = PBXBuildFile; fileRef = 09432B0029143CD0007AAACB /* Main.storyboard */; };
		09432B0429143CD2007AAACB /* Assets.xcassets in Resources */ = {isa = PBXBuildFile; fileRef = 09432B0329143CD2007AAACB /* Assets.xcassets */; };
		09432B0729143CD2007AAACB /* LaunchScreen.storyboard in Resources */ = {isa = PBXBuildFile; fileRef = 09432B0529143CD2007AAACB /* LaunchScreen.storyboard */; };
		09432B1029143E2E007AAACB /* UserDataModel.swift in Sources */ = {isa = PBXBuildFile; fileRef = 09432B0F29143E2E007AAACB /* UserDataModel.swift */; };
		09432B1529144873007AAACB /* UserTableViewCell.swift in Sources */ = {isa = PBXBuildFile; fileRef = 09432B1429144873007AAACB /* UserTableViewCell.swift */; };
/* End PBXBuildFile section */

/* Begin PBXFileReference section */
		09432AF729143CD0007AAACB /* UIKitCollections.app */ = {isa = PBXFileReference; explicitFileType = wrapper.application; includeInIndex = 0; path = UIKitCollections.app; sourceTree = BUILT_PRODUCTS_DIR; };
		09432AFA29143CD0007AAACB /* AppDelegate.swift */ = {isa = PBXFileReference; lastKnownFileType = sourcecode.swift; path = AppDelegate.swift; sourceTree = "<group>"; };
		09432AFC29143CD0007AAACB /* SceneDelegate.swift */ = {isa = PBXFileReference; lastKnownFileType = sourcecode.swift; path = SceneDelegate.swift; sourceTree = "<group>"; };
		09432AFE29143CD0007AAACB /* ViewController.swift */ = {isa = PBXFileReference; lastKnownFileType = sourcecode.swift; path = ViewController.swift; sourceTree = "<group>"; };
		09432B0129143CD0007AAACB /* Base */ = {isa = PBXFileReference; lastKnownFileType = file.storyboard; name = Base; path = Base.lproj/Main.storyboard; sourceTree = "<group>"; };
		09432B0329143CD2007AAACB /* Assets.xcassets */ = {isa = PBXFileReference; lastKnownFileType = folder.assetcatalog; path = Assets.xcassets; sourceTree = "<group>"; };
		09432B0629143CD2007AAACB /* Base */ = {isa = PBXFileReference; lastKnownFileType = file.storyboard; name = Base; path = Base.lproj/LaunchScreen.storyboard; sourceTree = "<group>"; };
		09432B0829143CD2007AAACB /* Info.plist */ = {isa = PBXFileReference; lastKnownFileType = text.plist.xml; path = Info.plist; sourceTree = "<group>"; };
		09432B0F29143E2E007AAACB /* UserDataModel.swift */ = {isa = PBXFileReference; lastKnownFileType = sourcecode.swift; path = UserDataModel.swift; sourceTree = "<group>"; };
		09432B1429144873007AAACB /* UserTableViewCell.swift */ = {isa = PBXFileReference; lastKnownFileType = sourcecode.swift; path = UserTableViewCell.swift; sourceTree = "<group>"; };
/* End PBXFileReference section */

/* Begin PBXFrameworksBuildPhase section */
		09432AF429143CD0007AAACB /* Frameworks */ = {
			isa = PBXFrameworksBuildPhase;
			buildActionMask = 2147483647;
			files = (
			);
			runOnlyForDeploymentPostprocessing = 0;
		};
/* End PBXFrameworksBuildPhase section */

/* Begin PBXGroup section */
		09432AEE29143CD0007AAACB = {
			isa = PBXGroup;
			children = (
				09432AF929143CD0007AAACB /* UIKitCollections */,
				09432AF829143CD0007AAACB /* Products */,
			);
			sourceTree = "<group>";
		};
		09432AF829143CD0007AAACB /* Products */ = {
			isa = PBXGroup;
			children = (
				09432AF729143CD0007AAACB /* UIKitCollections.app */,
			);
			name = Products;
			sourceTree = "<group>";
		};
		09432AF929143CD0007AAACB /* UIKitCollections */ = {
			isa = PBXGroup;
			children = (
				09432B0E29143E19007AAACB /* Model */,
				09432AFA29143CD0007AAACB /* AppDelegate.swift */,
				09432AFC29143CD0007AAACB /* SceneDelegate.swift */,
				09432B11291447E0007AAACB /* TableView */,
				09432B0029143CD0007AAACB /* Main.storyboard */,
				09432B0329143CD2007AAACB /* Assets.xcassets */,
				09432B0529143CD2007AAACB /* LaunchScreen.storyboard */,
				09432B0829143CD2007AAACB /* Info.plist */,
			);
			path = UIKitCollections;
			sourceTree = "<group>";
		};
		09432B0E29143E19007AAACB /* Model */ = {
			isa = PBXGroup;
			children = (
				09432B0F29143E2E007AAACB /* UserDataModel.swift */,
			);
			path = Model;
			sourceTree = "<group>";
		};
		09432B11291447E0007AAACB /* TableView */ = {
			isa = PBXGroup;
			children = (
				09432AFE29143CD0007AAACB /* ViewController.swift */,
				09432B1429144873007AAACB /* UserTableViewCell.swift */,
			);
			path = TableView;
			sourceTree = "<group>";
		};
/* End PBXGroup section */

/* Begin PBXNativeTarget section */
		09432AF629143CD0007AAACB /* UIKitCollections */ = {
			isa = PBXNativeTarget;
			buildConfigurationList = 09432B0B29143CD2007AAACB /* Build configuration list for PBXNativeTarget "UIKitCollections" */;
			buildPhases = (
				09432AF329143CD0007AAACB /* Sources */,
				09432AF429143CD0007AAACB /* Frameworks */,
				09432AF529143CD0007AAACB /* Resources */,
			);
			buildRules = (
			);
			dependencies = (
			);
			name = UIKitCollections;
			productName = UIKitCollections;
			productReference = 09432AF729143CD0007AAACB /* UIKitCollections.app */;
			productType = "com.apple.product-type.application";
		};
/* End PBXNativeTarget section */

/* Begin PBXProject section */
		09432AEF29143CD0007AAACB /* Project object */ = {
			isa = PBXProject;
			attributes = {
				BuildIndependentTargetsInParallel = 1;
				LastSwiftUpdateCheck = 1410;
				LastUpgradeCheck = 1410;
				TargetAttributes = {
					09432AF629143CD0007AAACB = {
						CreatedOnToolsVersion = 14.1;
					};
				};
			};
			buildConfigurationList = 09432AF229143CD0007AAACB /* Build configuration list for PBXProject "UIKitCollections" */;
			compatibilityVersion = "Xcode 14.0";
			developmentRegion = en;
			hasScannedForEncodings = 0;
			knownRegions = (
				en,
				Base,
			);
			mainGroup = 09432AEE29143CD0007AAACB;
			productRefGroup = 09432AF829143CD0007AAACB /* Products */;
			projectDirPath = "";
			projectRoot = "";
			targets = (
				09432AF629143CD0007AAACB /* UIKitCollections */,
			);
		};
/* End PBXProject section */

/* Begin PBXResourcesBuildPhase section */
		09432AF529143CD0007AAACB /* Resources */ = {
			isa = PBXResourcesBuildPhase;
			buildActionMask = 2147483647;
			files = (
				09432B0729143CD2007AAACB /* LaunchScreen.storyboard in Resources */,
				09432B0429143CD2007AAACB /* Assets.xcassets in Resources */,
				09432B0229143CD0007AAACB /* Main.storyboard in Resources */,
			);
			runOnlyForDeploymentPostprocessing = 0;
		};
/* End PBXResourcesBuildPhase section */

/* Begin PBXSourcesBuildPhase section */
		09432AF329143CD0007AAACB /* Sources */ = {
			isa = PBXSourcesBuildPhase;
			buildActionMask = 2147483647;
			files = (
				09432B1029143E2E007AAACB /* UserDataModel.swift in Sources */,
				09432AFF29143CD0007AAACB /* ViewController.swift in Sources */,
				09432AFB29143CD0007AAACB /* AppDelegate.swift in Sources */,
				09432AFD29143CD0007AAACB /* SceneDelegate.swift in Sources */,
				09432B1529144873007AAACB /* UserTableViewCell.swift in Sources */,
			);
			runOnlyForDeploymentPostprocessing = 0;
		};
/* End PBXSourcesBuildPhase section */

/* Begin PBXVariantGroup section */
		09432B0029143CD0007AAACB /* Main.storyboard */ = {
			isa = PBXVariantGroup;
			children = (
				09432B0129143CD0007AAACB /* Base */,
			);
			name = Main.storyboard;
			sourceTree = "<group>";
		};
		09432B0529143CD2007AAACB /* LaunchScreen.storyboard */ = {
			isa = PBXVariantGroup;
			children = (
				09432B0629143CD2007AAACB /* Base */,
			);
			name = LaunchScreen.storyboard;
			sourceTree = "<group>";
		};
/* End PBXVariantGroup section */

/* Begin XCBuildConfiguration section */
		09432B0929143CD2007AAACB /* Debug */ = {
			isa = XCBuildConfiguration;
			buildSettings = {
				ALWAYS_SEARCH_USER_PATHS = NO;
				CLANG_ANALYZER_NONNULL = YES;
				CLANG_ANALYZER_NUMBER_OBJECT_CONVERSION = YES_AGGRESSIVE;
				CLANG_CXX_LANGUAGE_STANDARD = "gnu++20";
				CLANG_ENABLE_MODULES = YES;
				CLANG_ENABLE_OBJC_ARC = YES;
				CLANG_ENABLE_OBJC_WEAK = YES;
				CLANG_WARN_BLOCK_CAPTURE_AUTORELEASING = YES;
				CLANG_WARN_BOOL_CONVERSION = YES;
				CLANG_WARN_COMMA = YES;
				CLANG_WARN_CONSTANT_CONVERSION = YES;
				CLANG_WARN_DEPRECATED_OBJC_IMPLEMENTATIONS = YES;
				CLANG_WARN_DIRECT_OBJC_ISA_USAGE = YES_ERROR;
				CLANG_WARN_DOCUMENTATION_COMMENTS = YES;
				CLANG_WARN_EMPTY_BODY = YES;
				CLANG_WARN_ENUM_CONVERSION = YES;
				CLANG_WARN_INFINITE_RECURSION = YES;
				CLANG_WARN_INT_CONVERSION = YES;
				CLANG_WARN_NON_LITERAL_NULL_CONVERSION = YES;
				CLANG_WARN_OBJC_IMPLICIT_RETAIN_SELF = YES;
				CLANG_WARN_OBJC_LITERAL_CONVERSION = YES;
				CLANG_WARN_OBJC_ROOT_CLASS = YES_ERROR;
				CLANG_WARN_QUOTED_INCLUDE_IN_FRAMEWORK_HEADER = YES;
				CLANG_WARN_RANGE_LOOP_ANALYSIS = YES;
				CLANG_WARN_STRICT_PROTOTYPES = YES;
				CLANG_WARN_SUSPICIOUS_MOVE = YES;
				CLANG_WARN_UNGUARDED_AVAILABILITY = YES_AGGRESSIVE;
				CLANG_WARN_UNREACHABLE_CODE = YES;
				CLANG_WARN__DUPLICATE_METHOD_MATCH = YES;
				COPY_PHASE_STRIP = NO;
				DEBUG_INFORMATION_FORMAT = dwarf;
				ENABLE_STRICT_OBJC_MSGSEND = YES;
				ENABLE_TESTABILITY = YES;
				GCC_C_LANGUAGE_STANDARD = gnu11;
				GCC_DYNAMIC_NO_PIC = NO;
				GCC_NO_COMMON_BLOCKS = YES;
				GCC_OPTIMIZATION_LEVEL = 0;
				GCC_PREPROCESSOR_DEFINITIONS = (
					"DEBUG=1",
					"$(inherited)",
				);
				GCC_WARN_64_TO_32_BIT_CONVERSION = YES;
				GCC_WARN_ABOUT_RETURN_TYPE = YES_ERROR;
				GCC_WARN_UNDECLARED_SELECTOR = YES;
				GCC_WARN_UNINITIALIZED_AUTOS = YES_AGGRESSIVE;
				GCC_WARN_UNUSED_FUNCTION = YES;
				GCC_WARN_UNUSED_VARIABLE = YES;
				IPHONEOS_DEPLOYMENT_TARGET = 16.1;
				MTL_ENABLE_DEBUG_INFO = INCLUDE_SOURCE;
				MTL_FAST_MATH = YES;
				ONLY_ACTIVE_ARCH = YES;
				SDKROOT = iphoneos;
				SWIFT_ACTIVE_COMPILATION_CONDITIONS = DEBUG;
				SWIFT_OPTIMIZATION_LEVEL = "-Onone";
			};
			name = Debug;
		};
		09432B0A29143CD2007AAACB /* Release */ = {
			isa = XCBuildConfiguration;
			buildSettings = {
				ALWAYS_SEARCH_USER_PATHS = NO;
				CLANG_ANALYZER_NONNULL = YES;
				CLANG_ANALYZER_NUMBER_OBJECT_CONVERSION = YES_AGGRESSIVE;
				CLANG_CXX_LANGUAGE_STANDARD = "gnu++20";
				CLANG_ENABLE_MODULES = YES;
				CLANG_ENABLE_OBJC_ARC = YES;
				CLANG_ENABLE_OBJC_WEAK = YES;
				CLANG_WARN_BLOCK_CAPTURE_AUTORELEASING = YES;
				CLANG_WARN_BOOL_CONVERSION = YES;
				CLANG_WARN_COMMA = YES;
				CLANG_WARN_CONSTANT_CONVERSION = YES;
				CLANG_WARN_DEPRECATED_OBJC_IMPLEMENTATIONS = YES;
				CLANG_WARN_DIRECT_OBJC_ISA_USAGE = YES_ERROR;
				CLANG_WARN_DOCUMENTATION_COMMENTS = YES;
				CLANG_WARN_EMPTY_BODY = YES;
				CLANG_WARN_ENUM_CONVERSION = YES;
				CLANG_WARN_INFINITE_RECURSION = YES;
				CLANG_WARN_INT_CONVERSION = YES;
				CLANG_WARN_NON_LITERAL_NULL_CONVERSION = YES;
				CLANG_WARN_OBJC_IMPLICIT_RETAIN_SELF = YES;
				CLANG_WARN_OBJC_LITERAL_CONVERSION = YES;
				CLANG_WARN_OBJC_ROOT_CLASS = YES_ERROR;
				CLANG_WARN_QUOTED_INCLUDE_IN_FRAMEWORK_HEADER = YES;
				CLANG_WARN_RANGE_LOOP_ANALYSIS = YES;
				CLANG_WARN_STRICT_PROTOTYPES = YES;
				CLANG_WARN_SUSPICIOUS_MOVE = YES;
				CLANG_WARN_UNGUARDED_AVAILABILITY = YES_AGGRESSIVE;
				CLANG_WARN_UNREACHABLE_CODE = YES;
				CLANG_WARN__DUPLICATE_METHOD_MATCH = YES;
				COPY_PHASE_STRIP = NO;
				DEBUG_INFORMATION_FORMAT = "dwarf-with-dsym";
				ENABLE_NS_ASSERTIONS = NO;
				ENABLE_STRICT_OBJC_MSGSEND = YES;
				GCC_C_LANGUAGE_STANDARD = gnu11;
				GCC_NO_COMMON_BLOCKS = YES;
				GCC_WARN_64_TO_32_BIT_CONVERSION = YES;
				GCC_WARN_ABOUT_RETURN_TYPE = YES_ERROR;
				GCC_WARN_UNDECLARED_SELECTOR = YES;
				GCC_WARN_UNINITIALIZED_AUTOS = YES_AGGRESSIVE;
				GCC_WARN_UNUSED_FUNCTION = YES;
				GCC_WARN_UNUSED_VARIABLE = YES;
				IPHONEOS_DEPLOYMENT_TARGET = 16.1;
				MTL_ENABLE_DEBUG_INFO = NO;
				MTL_FAST_MATH = YES;
				SDKROOT = iphoneos;
				SWIFT_COMPILATION_MODE = wholemodule;
				SWIFT_OPTIMIZATION_LEVEL = "-O";
				VALIDATE_PRODUCT = YES;
			};
			name = Release;
		};
		09432B0C29143CD2007AAACB /* Debug */ = {
			isa = XCBuildConfiguration;
			buildSettings = {
				ASSETCATALOG_COMPILER_APPICON_NAME = AppIcon;
				ASSETCATALOG_COMPILER_GLOBAL_ACCENT_COLOR_NAME = AccentColor;
				CODE_SIGN_STYLE = Automatic;
				CURRENT_PROJECT_VERSION = 1;
				DEVELOPMENT_TEAM = YSBTM95PBQ;
				GENERATE_INFOPLIST_FILE = YES;
				INFOPLIST_FILE = UIKitCollections/Info.plist;
				INFOPLIST_KEY_UIApplicationSupportsIndirectInputEvents = YES;
				INFOPLIST_KEY_UILaunchStoryboardName = LaunchScreen;
				INFOPLIST_KEY_UIMainStoryboardFile = Main;
				INFOPLIST_KEY_UISupportedInterfaceOrientations_iPad = "UIInterfaceOrientationPortrait UIInterfaceOrientationPortraitUpsideDown UIInterfaceOrientationLandscapeLeft UIInterfaceOrientationLandscapeRight";
				INFOPLIST_KEY_UISupportedInterfaceOrientations_iPhone = "UIInterfaceOrientationPortrait UIInterfaceOrientationLandscapeLeft UIInterfaceOrientationLandscapeRight";
				LD_RUNPATH_SEARCH_PATHS = (
					"$(inherited)",
					"@executable_path/Frameworks",
				);
				MARKETING_VERSION = 1.0;
				PRODUCT_BUNDLE_IDENTIFIER = com.Globant.UIKitCollections;
				PRODUCT_NAME = "$(TARGET_NAME)";
				SWIFT_EMIT_LOC_STRINGS = YES;
				SWIFT_VERSION = 5.0;
				TARGETED_DEVICE_FAMILY = "1,2";
			};
			name = Debug;
		};
		09432B0D29143CD2007AAACB /* Release */ = {
			isa = XCBuildConfiguration;
			buildSettings = {
				ASSETCATALOG_COMPILER_APPICON_NAME = AppIcon;
				ASSETCATALOG_COMPILER_GLOBAL_ACCENT_COLOR_NAME = AccentColor;
				CODE_SIGN_STYLE = Automatic;
				CURRENT_PROJECT_VERSION = 1;
				DEVELOPMENT_TEAM = YSBTM95PBQ;
				GENERATE_INFOPLIST_FILE = YES;
				INFOPLIST_FILE = UIKitCollections/Info.plist;
				INFOPLIST_KEY_UIApplicationSupportsIndirectInputEvents = YES;
				INFOPLIST_KEY_UILaunchStoryboardName = LaunchScreen;
				INFOPLIST_KEY_UIMainStoryboardFile = Main;
				INFOPLIST_KEY_UISupportedInterfaceOrientations_iPad = "UIInterfaceOrientationPortrait UIInterfaceOrientationPortraitUpsideDown UIInterfaceOrientationLandscapeLeft UIInterfaceOrientationLandscapeRight";
				INFOPLIST_KEY_UISupportedInterfaceOrientations_iPhone = "UIInterfaceOrientationPortrait UIInterfaceOrientationLandscapeLeft UIInterfaceOrientationLandscapeRight";
				LD_RUNPATH_SEARCH_PATHS = (
					"$(inherited)",
					"@executable_path/Frameworks",
				);
				MARKETING_VERSION = 1.0;
				PRODUCT_BUNDLE_IDENTIFIER = com.Globant.UIKitCollections;
				PRODUCT_NAME = "$(TARGET_NAME)";
				SWIFT_EMIT_LOC_STRINGS = YES;
				SWIFT_VERSION = 5.0;
				TARGETED_DEVICE_FAMILY = "1,2";
			};
			name = Release;
		};
/* End XCBuildConfiguration section */

/* Begin XCConfigurationList section */
		09432AF229143CD0007AAACB /* Build configuration list for PBXProject "UIKitCollections" */ = {
			isa = XCConfigurationList;
			buildConfigurations = (
				09432B0929143CD2007AAACB /* Debug */,
				09432B0A29143CD2007AAACB /* Release */,
			);
			defaultConfigurationIsVisible = 0;
			defaultConfigurationName = Release;
		};
		09432B0B29143CD2007AAACB /* Build configuration list for PBXNativeTarget "UIKitCollections" */ = {
			isa = XCConfigurationList;
			buildConfigurations = (
				09432B0C29143CD2007AAACB /* Debug */,
				09432B0D29143CD2007AAACB /* Release */,
			);
			defaultConfigurationIsVisible = 0;
			defaultConfigurationName = Release;
		};
/* End XCConfigurationList section */
	};
	rootObject = 09432AEF29143CD0007AAACB /* Project object */;
}
